{
  "nodes": {
    "aagl": {
      "inputs": {
        "flake-compat": "flake-compat",
        "nixpkgs": [
          "nixpkgs"
        ],
        "rust-overlay": "rust-overlay"
      },
      "locked": {
        "lastModified": 1759319421,
        "narHash": "sha256-45yE92tDGtCX/vdyUuD3ckCqyZ3pwP0yrTorjvL80fc=",
        "owner": "ezKEa",
        "repo": "aagl-gtk-on-nix",
        "rev": "37bf87881ae7a68bccdd383fef345c748a23d3b7",
        "type": "github"
      },
      "original": {
        "owner": "ezKEa",
        "repo": "aagl-gtk-on-nix",
        "type": "github"
      }
    },
    "blender-bin": {
      "inputs": {
        "nixpkgs": "nixpkgs_2"
      },
      "locked": {
        "dir": "blender",
        "lastModified": 1758185131,
        "narHash": "sha256-GlScQnoFgaFLQ9cd4llbJSisR0LjafjMAkBZQV7m4uk=",
        "owner": "edolstra",
        "repo": "nix-warez",
        "rev": "f49a87422539d748a34b9f3b07a7b8ced7242dff",
        "type": "github"
      },
      "original": {
        "dir": "blender",
        "owner": "edolstra",
        "repo": "nix-warez",
        "type": "github"
      }
    },
    "catppuccin-btop": {
      "flake": false,
      "locked": {
        "lastModified": 1727050041,
        "narHash": "sha256-mEGZwScVPWGu+Vbtddc/sJ+mNdD2kKienGZVUcTSl+c=",
        "owner": "catppuccin",
        "repo": "btop",
        "rev": "f437574b600f1c6d932627050b15ff5153b58fa3",
        "type": "github"
      },
      "original": {
        "owner": "catppuccin",
        "repo": "btop",
        "type": "github"
      }
    },
    "catppuccin-kitty": {
      "flake": false,
      "locked": {
        "lastModified": 1731214416,
        "narHash": "sha256-59ON7CzVgfZUo7F81qQZQ1r6kpcjR3OPvTl99gzDP8E=",
        "owner": "catppuccin",
        "repo": "kitty",
        "rev": "b14e8385c827f2d41660b71c7fec1e92bdcf2676",
        "type": "github"
      },
      "original": {
        "owner": "catppuccin",
        "repo": "kitty",
        "type": "github"
      }
    },
    "flake-compat": {
      "flake": false,
      "locked": {
        "lastModified": 1747046372,
        "narHash": "sha256-CIVLLkVgvHYbgI2UpXvIIBJ12HWgX+fjA8Xf8PUmqCY=",
        "owner": "edolstra",
        "repo": "flake-compat",
        "rev": "9100a0f413b0c601e0533d1d94ffd501ce2e7885",
        "type": "github"
      },
      "original": {
        "owner": "edolstra",
        "repo": "flake-compat",
        "type": "github"
      }
    },
    "flake-compat_2": {
      "locked": {
        "lastModified": 1747046372,
        "narHash": "sha256-CIVLLkVgvHYbgI2UpXvIIBJ12HWgX+fjA8Xf8PUmqCY=",
        "owner": "edolstra",
        "repo": "flake-compat",
        "rev": "9100a0f413b0c601e0533d1d94ffd501ce2e7885",
        "type": "github"
      },
      "original": {
        "owner": "edolstra",
        "repo": "flake-compat",
        "type": "github"
      }
    },
    "flake-compat_3": {
      "locked": {
        "lastModified": 1747046372,
        "narHash": "sha256-CIVLLkVgvHYbgI2UpXvIIBJ12HWgX+fjA8Xf8PUmqCY=",
        "owner": "edolstra",
        "repo": "flake-compat",
        "rev": "9100a0f413b0c601e0533d1d94ffd501ce2e7885",
        "type": "github"
      },
      "original": {
        "owner": "edolstra",
        "repo": "flake-compat",
        "type": "github"
      }
    },
    "flake-compat_4": {
      "flake": false,
      "locked": {
        "lastModified": 1751685974,
        "narHash": "sha256-NKw96t+BgHIYzHUjkTK95FqYRVKB8DHpVhefWSz/kTw=",
        "ref": "refs/heads/main",
        "rev": "549f2762aebeff29a2e5ece7a7dc0f955281a1d1",
        "revCount": 92,
        "type": "git",
        "url": "https://git.lix.systems/lix-project/flake-compat.git"
      },
      "original": {
        "type": "git",
        "url": "https://git.lix.systems/lix-project/flake-compat.git"
      }
    },
    "flake-compat_5": {
      "flake": false,
      "locked": {
        "lastModified": 1747046372,
        "narHash": "sha256-CIVLLkVgvHYbgI2UpXvIIBJ12HWgX+fjA8Xf8PUmqCY=",
        "owner": "edolstra",
        "repo": "flake-compat",
        "rev": "9100a0f413b0c601e0533d1d94ffd501ce2e7885",
        "type": "github"
      },
      "original": {
        "owner": "edolstra",
        "repo": "flake-compat",
        "type": "github"
      }
    },
    "flake-parts": {
      "inputs": {
        "nixpkgs-lib": "nixpkgs-lib"
      },
      "locked": {
        "lastModified": 1756770412,
        "narHash": "sha256-+uWLQZccFHwqpGqr2Yt5VsW/PbeJVTn9Dk6SHWhNRPw=",
        "owner": "hercules-ci",
        "repo": "flake-parts",
        "rev": "4524271976b625a4a605beefd893f270620fd751",
        "type": "github"
      },
      "original": {
        "owner": "hercules-ci",
        "repo": "flake-parts",
        "type": "github"
      }
    },
    "flake-parts_2": {
      "inputs": {
        "nixpkgs-lib": "nixpkgs-lib_2"
      },
      "locked": {
        "lastModified": 1756770412,
        "narHash": "sha256-+uWLQZccFHwqpGqr2Yt5VsW/PbeJVTn9Dk6SHWhNRPw=",
        "owner": "hercules-ci",
        "repo": "flake-parts",
        "rev": "4524271976b625a4a605beefd893f270620fd751",
        "type": "github"
      },
      "original": {
        "owner": "hercules-ci",
        "repo": "flake-parts",
        "type": "github"
      }
    },
    "flake-parts_3": {
      "inputs": {
        "nixpkgs-lib": "nixpkgs-lib_3"
      },
      "locked": {
        "lastModified": 1759362264,
        "narHash": "sha256-wfG0S7pltlYyZTM+qqlhJ7GMw2fTF4mLKCIVhLii/4M=",
        "owner": "hercules-ci",
        "repo": "flake-parts",
        "rev": "758cf7296bee11f1706a574c77d072b8a7baa881",
        "type": "github"
      },
      "original": {
        "owner": "hercules-ci",
        "repo": "flake-parts",
        "type": "github"
      }
    },
    "flake-parts_4": {
      "inputs": {
        "nixpkgs-lib": "nixpkgs-lib_4"
      },
      "locked": {
        "lastModified": 1759362264,
        "narHash": "sha256-wfG0S7pltlYyZTM+qqlhJ7GMw2fTF4mLKCIVhLii/4M=",
        "owner": "hercules-ci",
        "repo": "flake-parts",
        "rev": "758cf7296bee11f1706a574c77d072b8a7baa881",
        "type": "github"
      },
      "original": {
        "owner": "hercules-ci",
        "repo": "flake-parts",
        "type": "github"
      }
    },
    "flake-parts_5": {
      "inputs": {
        "nixpkgs-lib": [
          "nvf-config",
          "nvf",
          "nixpkgs"
        ]
      },
      "locked": {
        "lastModified": 1759362264,
        "narHash": "sha256-wfG0S7pltlYyZTM+qqlhJ7GMw2fTF4mLKCIVhLii/4M=",
        "owner": "hercules-ci",
        "repo": "flake-parts",
        "rev": "758cf7296bee11f1706a574c77d072b8a7baa881",
        "type": "github"
      },
      "original": {
        "owner": "hercules-ci",
        "repo": "flake-parts",
        "type": "github"
      }
    },
    "ghostty-shaders": {
      "flake": false,
      "locked": {
        "lastModified": 1758504978,
        "narHash": "sha256-eQUW3MyO91AYJSZEmJOh4jktkkZLKiyJf++Yqv3gOFc=",
        "owner": "hackr-sh",
        "repo": "ghostty-shaders",
        "rev": "f3ef246748b394ed70a3146b0af5dde2e60ec1c6",
        "type": "github"
      },
      "original": {
        "owner": "hackr-sh",
        "repo": "ghostty-shaders",
        "type": "github"
      }
    },
    "glfw3-minecraft-fix": {
      "locked": {
        "lastModified": 1756727112,
        "narHash": "sha256-lrlFwm+btCqziPn/0zxOobuwFFsqPv0au2uVfiodNBc=",
        "owner": "Piecuuu",
        "repo": "nixpkgs",
        "rev": "c0f4ea6b94dc44fe2002cb9bf7ad45064968a6c7",
        "type": "github"
      },
      "original": {
        "owner": "Piecuuu",
        "ref": "glfw-minecraft-fix",
        "repo": "nixpkgs",
        "type": "github"
      }
    },
    "hjem": {
      "inputs": {
        "ndg": "ndg",
        "nixpkgs": [
          "nixpkgs"
        ],
        "smfh": "smfh"
      },
      "locked": {
        "lastModified": 1759518791,
        "narHash": "sha256-31WwvV0PBp9RMDcq0lLkcqKIV7b6OKhLdPQR1diLcfU=",
        "owner": "feel-co",
        "repo": "hjem",
        "rev": "126eb4cf9808af3447241d1c83fa74468950e734",
        "type": "github"
      },
      "original": {
        "owner": "feel-co",
        "repo": "hjem",
        "type": "github"
      }
    },
    "hjem-rum": {
      "inputs": {
        "hjem": "hjem_2",
        "ndg": "ndg_2",
        "nixpkgs": [
          "nixpkgs"
        ],
        "treefmt-nix": "treefmt-nix"
      },
      "locked": {
        "lastModified": 1758241930,
        "narHash": "sha256-OTmC/wDxW+2aTC93xAJK3jmBJyTwNfc+irLmD6kPEPc=",
        "owner": "snugnug",
        "repo": "hjem-rum",
        "rev": "7c931af837c79d03275188e874e03ede10ce6183",
        "type": "github"
      },
      "original": {
        "owner": "snugnug",
        "repo": "hjem-rum",
        "type": "github"
      }
    },
    "hjem_2": {
      "inputs": {
        "nixpkgs": [
          "hjem-rum",
          "nixpkgs"
        ],
        "smfh": "smfh_2"
      },
      "locked": {
        "lastModified": 1756255328,
        "narHash": "sha256-WJ70Dv+tJjIl7mMOqUgcdcz+RrujDRoeKptiU6oh1lI=",
        "owner": "feel-co",
        "repo": "hjem",
        "rev": "2426d6ad20e767895e936ed0c9563cc4e2b6c96f",
        "type": "github"
      },
      "original": {
        "owner": "feel-co",
        "repo": "hjem",
        "type": "github"
      }
    },
    "mnw": {
      "locked": {
        "lastModified": 1758834834,
        "narHash": "sha256-Y7IvY4F8vajZyp3WGf+KaiIVwondEkMFkt92Cr9NZmg=",
        "owner": "Gerg-L",
        "repo": "mnw",
        "rev": "cfbc7d1cc832e318d0863a5fc91d940a96034001",
        "type": "github"
      },
      "original": {
        "owner": "Gerg-L",
        "repo": "mnw",
        "type": "github"
      }
    },
    "ndg": {
      "inputs": {
        "flake-compat": "flake-compat_2",
        "flake-parts": "flake-parts",
        "nixpkgs": [
          "hjem",
          "nixpkgs"
        ]
      },
      "locked": {
        "lastModified": 1759218739,
        "narHash": "sha256-ZVdkC/gebCOkq9to64svzRD9jLd1KLUWtjPGdPMeynI=",
        "owner": "feel-co",
        "repo": "ndg",
        "rev": "369b6d4d98280f75869519981c5c405ec5d2c22e",
        "type": "github"
      },
      "original": {
        "owner": "feel-co",
        "repo": "ndg",
        "type": "github"
      }
    },
    "ndg_2": {
      "inputs": {
        "flake-compat": "flake-compat_3",
        "flake-parts": "flake-parts_2",
        "nixpkgs": [
          "hjem-rum",
          "nixpkgs"
        ]
      },
      "locked": {
        "lastModified": 1758017058,
        "narHash": "sha256-kj0AsPNRuW/nA+ck/mqE/auRrla3Tjb7mv4Kml+6PP0=",
        "owner": "feel-co",
        "repo": "ndg",
        "rev": "5b16cb2a4b4233af289355b9ecf76af9f05f8be1",
        "type": "github"
      },
      "original": {
        "owner": "feel-co",
        "repo": "ndg",
        "type": "github"
      }
    },
    "nh": {
      "inputs": {
        "nixpkgs": "nixpkgs_3"
      },
      "locked": {
        "lastModified": 1759729067,
        "narHash": "sha256-Qlw7XYA9RpPfgwP0wq9wAo6wBhaSjbh7+MpNu13s6eQ=",
        "owner": "nix-community",
        "repo": "nh",
        "rev": "c2159253e3139c2734369393b98a33a894ceedbb",
        "type": "github"
      },
      "original": {
        "owner": "nix-community",
        "repo": "nh",
        "type": "github"
      }
    },
    "nix-gaming": {
      "inputs": {
        "flake-parts": "flake-parts_3",
        "nixpkgs": "nixpkgs_4"
      },
      "locked": {
        "lastModified": 1759692973,
        "narHash": "sha256-5evwJEYP5clwnDy+vX4MfAnGepxi0NaHjka7igXDU94=",
        "owner": "fufexan",
        "repo": "nix-gaming",
        "rev": "5958a54eed219604b8a0ddeef6ab48fe4029f083",
        "type": "github"
      },
      "original": {
        "owner": "fufexan",
        "repo": "nix-gaming",
        "type": "github"
      }
    },
    "nixpkgs": {
      "locked": {
        "lastModified": 1744536153,
        "narHash": "sha256-awS2zRgF4uTwrOKwwiJcByDzDOdo3Q1rPZbiHQg/N38=",
        "owner": "NixOS",
        "repo": "nixpkgs",
        "rev": "18dd725c29603f582cf1900e0d25f9f1063dbf11",
        "type": "github"
      },
      "original": {
        "owner": "NixOS",
        "ref": "nixpkgs-unstable",
        "repo": "nixpkgs",
        "type": "github"
      }
    },
    "nixpkgs-lib": {
      "locked": {
        "lastModified": 1754788789,
        "narHash": "sha256-x2rJ+Ovzq0sCMpgfgGaaqgBSwY+LST+WbZ6TytnT9Rk=",
        "owner": "nix-community",
        "repo": "nixpkgs.lib",
        "rev": "a73b9c743612e4244d865a2fdee11865283c04e6",
        "type": "github"
      },
      "original": {
        "owner": "nix-community",
        "repo": "nixpkgs.lib",
        "type": "github"
      }
    },
    "nixpkgs-lib_2": {
      "locked": {
        "lastModified": 1754788789,
        "narHash": "sha256-x2rJ+Ovzq0sCMpgfgGaaqgBSwY+LST+WbZ6TytnT9Rk=",
        "owner": "nix-community",
        "repo": "nixpkgs.lib",
        "rev": "a73b9c743612e4244d865a2fdee11865283c04e6",
        "type": "github"
      },
      "original": {
        "owner": "nix-community",
        "repo": "nixpkgs.lib",
        "type": "github"
      }
    },
    "nixpkgs-lib_3": {
      "locked": {
        "lastModified": 1754788789,
        "narHash": "sha256-x2rJ+Ovzq0sCMpgfgGaaqgBSwY+LST+WbZ6TytnT9Rk=",
        "owner": "nix-community",
        "repo": "nixpkgs.lib",
        "rev": "a73b9c743612e4244d865a2fdee11865283c04e6",
        "type": "github"
      },
      "original": {
        "owner": "nix-community",
        "repo": "nixpkgs.lib",
        "type": "github"
      }
    },
    "nixpkgs-lib_4": {
      "locked": {
        "lastModified": 1754788789,
        "narHash": "sha256-x2rJ+Ovzq0sCMpgfgGaaqgBSwY+LST+WbZ6TytnT9Rk=",
        "owner": "nix-community",
        "repo": "nixpkgs.lib",
        "rev": "a73b9c743612e4244d865a2fdee11865283c04e6",
        "type": "github"
      },
      "original": {
        "owner": "nix-community",
        "repo": "nixpkgs.lib",
        "type": "github"
      }
    },
    "nixpkgs_2": {
      "locked": {
        "lastModified": 1733808091,
        "narHash": "sha256-KWwINTQelKOoQgrXftxoqxmKFZb9pLVfnRvK270nkVk=",
        "owner": "NixOS",
        "repo": "nixpkgs",
        "rev": "a0f3e10d94359665dba45b71b4227b0aeb851f8e",
        "type": "github"
      },
      "original": {
        "id": "nixpkgs",
        "ref": "nixos-24.11",
        "type": "indirect"
      }
    },
    "nixpkgs_3": {
      "locked": {
        "lastModified": 1759580034,
        "narHash": "sha256-YWo57PL7mGZU7D4WeKFMiW4ex/O6ZolUS6UNBHTZfkI=",
        "owner": "NixOS",
        "repo": "nixpkgs",
        "rev": "3bcc93c5f7a4b30335d31f21e2f1281cba68c318",
        "type": "github"
      },
      "original": {
        "owner": "NixOS",
        "ref": "nixos-25.05",
        "repo": "nixpkgs",
        "type": "github"
      }
    },
    "nixpkgs_4": {
      "locked": {
        "lastModified": 1759536663,
        "narHash": "sha256-hhM8SUI6kQMei5TImFdNQy9EDT8g2hAD161DUtbfAy0=",
        "owner": "NixOS",
        "repo": "nixpkgs",
        "rev": "27ac93958969b5f3dccd654b402599cf3de633ac",
        "type": "github"
      },
      "original": {
        "owner": "NixOS",
        "ref": "nixpkgs-unstable",
        "repo": "nixpkgs",
        "type": "github"
      }
    },
    "nixpkgs_5": {
      "locked": {
        "lastModified": 1759381078,
        "narHash": "sha256-gTrEEp5gEspIcCOx9PD8kMaF1iEmfBcTbO0Jag2QhQs=",
        "owner": "nixos",
        "repo": "nixpkgs",
        "rev": "7df7ff7d8e00218376575f0acdcc5d66741351ee",
        "type": "github"
      },
      "original": {
        "owner": "nixos",
        "ref": "nixos-unstable",
        "repo": "nixpkgs",
        "type": "github"
      }
    },
    "nixpkgs_6": {
      "locked": {
        "lastModified": 1759831965,
        "narHash": "sha256-vgPm2xjOmKdZ0xKA6yLXPJpjOtQPHfaZDRtH+47XEBo=",
        "owner": "NixOS",
        "repo": "nixpkgs",
        "rev": "c9b6fb798541223bbb396d287d16f43520250518",
        "type": "github"
      },
      "original": {
        "owner": "NixOS",
        "ref": "nixos-unstable",
        "repo": "nixpkgs",
        "type": "github"
      }
    },
    "nixpkgs_7": {
      "locked": {
        "lastModified": 1759386674,
        "narHash": "sha256-wg1Lz/1FC5Q13R+mM5a2oTV9TA9L/CHHTm3/PiLayfA=",
        "owner": "nixos",
        "repo": "nixpkgs",
        "rev": "625ad6366178f03acd79f9e3822606dd7985b657",
        "type": "github"
      },
      "original": {
        "owner": "nixos",
        "ref": "nixpkgs-unstable",
        "repo": "nixpkgs",
        "type": "github"
      }
    },
    "nixpkgs_8": {
      "locked": {
        "lastModified": 1759070547,
        "narHash": "sha256-JVZl8NaVRYb0+381nl7LvPE+A774/dRpif01FKLrYFQ=",
        "owner": "nixos",
        "repo": "nixpkgs",
        "rev": "647e5c14cbd5067f44ac86b74f014962df460840",
        "type": "github"
      },
      "original": {
        "owner": "nixos",
        "ref": "nixpkgs-unstable",
        "repo": "nixpkgs",
        "type": "github"
      }
    },
    "nvf": {
      "inputs": {
        "flake-compat": "flake-compat_4",
        "flake-parts": "flake-parts_5",
        "mnw": "mnw",
        "nixpkgs": "nixpkgs_7",
        "systems": "systems_3"
      },
      "locked": {
        "lastModified": 1759942631,
        "narHash": "sha256-guXaJ4ktb5DW2RrtRhThX6PyH5A2wW+XTJ4Qu1AEXhA=",
        "owner": "NotAShelf",
        "repo": "nvf",
        "rev": "314962bcb4d4da82c53ab343da1b09cffaa68c61",
        "type": "github"
      },
      "original": {
        "owner": "NotAShelf",
        "repo": "nvf",
        "type": "github"
      }
    },
    "nvf-config": {
      "inputs": {
        "flake-parts": "flake-parts_4",
        "nixpkgs": "nixpkgs_6",
        "nvf": "nvf",
        "ts-error-translator": "ts-error-translator"
      },
      "locked": {
        "lastModified": 1760027094,
        "narHash": "sha256-uqMTxhFPaoiwAi2FQh+FwqwDtrbkrsITsUZb0qn3SkA=",
        "owner": "rice-cracker-dev",
        "repo": "nvf-config",
        "rev": "72fc7dcf5a337592e80c89e734d8681e48d982b5",
        "type": "github"
      },
      "original": {
        "owner": "rice-cracker-dev",
        "repo": "nvf-config",
        "type": "github"
      }
    },
    "root": {
      "inputs": {
        "aagl": "aagl",
        "blender-bin": "blender-bin",
        "catppuccin-btop": "catppuccin-btop",
        "catppuccin-kitty": "catppuccin-kitty",
        "ghostty-shaders": "ghostty-shaders",
        "glfw3-minecraft-fix": "glfw3-minecraft-fix",
        "hjem": "hjem",
        "hjem-rum": "hjem-rum",
        "nh": "nh",
        "nix-gaming": "nix-gaming",
        "nixpkgs": "nixpkgs_5",
        "nvf-config": "nvf-config",
        "swww": "swww"
      }
    },
    "rust-overlay": {
      "inputs": {
        "nixpkgs": "nixpkgs"
      },
      "locked": {
        "lastModified": 1759199574,
        "narHash": "sha256-w24RYly3VSVKp98rVfCI1nFYfQ0VoWmShtKPCbXgK6A=",
        "owner": "oxalica",
        "repo": "rust-overlay",
        "rev": "381776b12d0d125edd7c1930c2041a1471e586c0",
        "type": "github"
      },
      "original": {
        "owner": "oxalica",
        "repo": "rust-overlay",
        "type": "github"
      }
    },
    "rust-overlay_2": {
      "inputs": {
        "nixpkgs": [
          "hjem",
          "smfh",
          "nixpkgs"
        ]
      },
      "locked": {
        "lastModified": 1759113356,
        "narHash": "sha256-xm4kEUcV2jk6u15aHazFP4YsMwhq+PczA+Ul/4FDKWI=",
        "owner": "oxalica",
        "repo": "rust-overlay",
        "rev": "be3b8843a2be2411500f6c052876119485e957a2",
        "type": "github"
      },
      "original": {
        "owner": "oxalica",
        "repo": "rust-overlay",
        "type": "github"
      }
    },
    "rust-overlay_3": {
      "inputs": {
        "nixpkgs": [
          "hjem-rum",
          "hjem",
          "smfh",
          "nixpkgs"
        ]
      },
      "locked": {
        "lastModified": 1747622321,
        "narHash": "sha256-W0dYIWgsUu6rvOJRtKLhKskkv0VhQhJYGNIq+gGUc8g=",
        "owner": "oxalica",
        "repo": "rust-overlay",
        "rev": "bd030fd9983f7fddf87be1c64aa3064c8afa24c4",
        "type": "github"
      },
      "original": {
        "owner": "oxalica",
        "repo": "rust-overlay",
        "type": "github"
      }
    },
    "rust-overlay_4": {
      "inputs": {
        "nixpkgs": [
          "swww",
          "nixpkgs"
        ]
      },
      "locked": {
        "lastModified": 1759199574,
        "narHash": "sha256-w24RYly3VSVKp98rVfCI1nFYfQ0VoWmShtKPCbXgK6A=",
        "owner": "oxalica",
        "repo": "rust-overlay",
        "rev": "381776b12d0d125edd7c1930c2041a1471e586c0",
        "type": "github"
      },
      "original": {
        "owner": "oxalica",
        "repo": "rust-overlay",
        "type": "github"
      }
    },
    "smfh": {
      "inputs": {
        "nixpkgs": [
          "hjem",
          "nixpkgs"
        ],
        "rust-overlay": "rust-overlay_2",
        "systems": "systems"
      },
      "locked": {
        "lastModified": 1759458325,
        "narHash": "sha256-NY9sQlRPVVY7JWcZHtrK0T0RlH676NhaqR7Lco+FhTQ=",
        "owner": "feel-co",
        "repo": "smfh",
        "rev": "c29b22c328d6b03acaa6b879bf7f3c8ff82ca2d3",
        "type": "github"
      },
      "original": {
        "owner": "feel-co",
        "repo": "smfh",
        "type": "github"
      }
    },
    "smfh_2": {
      "inputs": {
        "nixpkgs": [
          "hjem-rum",
          "hjem",
          "nixpkgs"
        ],
        "rust-overlay": "rust-overlay_3",
        "systems": "systems_2"
      },
      "locked": {
        "lastModified": 1749906619,
        "narHash": "sha256-/9Ww10kYopxfCNNnNDwENTubs7Wzqlw+O6PJAHNOYQw=",
        "owner": "feel-co",
        "repo": "smfh",
        "rev": "39f5c06153f63100376bc607b1465850b6df77fd",
        "type": "github"
      },
      "original": {
        "owner": "feel-co",
        "repo": "smfh",
        "type": "github"
      }
    },
    "swww": {
      "inputs": {
        "flake-compat": "flake-compat_5",
        "nixpkgs": "nixpkgs_8",
        "rust-overlay": "rust-overlay_4"
      },
      "locked": {
        "lastModified": 1759428786,
        "narHash": "sha256-vn3/hpRTI330+yJOoow7wBWMUk2LbnYgyR0v4/LX08o=",
        "owner": "LGFae",
        "repo": "swww",
        "rev": "b9aaba38c79e9915c62328861def7353f53dcdbd",
        "type": "github"
      },
      "original": {
        "owner": "LGFae",
        "repo": "swww",
        "type": "github"
      }
    },
    "systems": {
      "locked": {
        "lastModified": 1681028828,
        "narHash": "sha256-Vy1rq5AaRuLzOxct8nz4T6wlgyUR7zLU309k9mBC768=",
        "owner": "nix-systems",
        "repo": "default",
        "rev": "da67096a3b9bf56a91d16901293e51ba5b49a27e",
        "type": "github"
      },
      "original": {
        "owner": "nix-systems",
        "repo": "default",
        "type": "github"
      }
    },
    "systems_2": {
      "locked": {
        "lastModified": 1681028828,
        "narHash": "sha256-Vy1rq5AaRuLzOxct8nz4T6wlgyUR7zLU309k9mBC768=",
        "owner": "nix-systems",
        "repo": "default",
        "rev": "da67096a3b9bf56a91d16901293e51ba5b49a27e",
        "type": "github"
      },
      "original": {
        "owner": "nix-systems",
        "repo": "default",
        "type": "github"
      }
    },
    "systems_3": {
      "locked": {
        "lastModified": 1681028828,
        "narHash": "sha256-Vy1rq5AaRuLzOxct8nz4T6wlgyUR7zLU309k9mBC768=",
        "owner": "nix-systems",
        "repo": "default",
        "rev": "da67096a3b9bf56a91d16901293e51ba5b49a27e",
        "type": "github"
      },
      "original": {
        "owner": "nix-systems",
        "repo": "default",
        "type": "github"
      }
    },
    "treefmt-nix": {
      "inputs": {
        "nixpkgs": [
          "hjem-rum",
          "nixpkgs"
        ]
      },
      "locked": {
        "lastModified": 1746216483,
        "narHash": "sha256-4h3s1L/kKqt3gMDcVfN8/4v2jqHrgLIe4qok4ApH5x4=",
        "owner": "numtide",
        "repo": "treefmt-nix",
        "rev": "29ec5026372e0dec56f890e50dbe4f45930320fd",
        "type": "github"
      },
      "original": {
        "owner": "numtide",
        "repo": "treefmt-nix",
        "type": "github"
      }
    },
    "ts-error-translator": {
      "flake": false,
      "locked": {
        "lastModified": 1731721659,
        "narHash": "sha256-fi68jJVNTL2WlTehcl5Q8tijAeu2usjIsWXjcuixkCM=",
        "owner": "dmmulroy",
        "repo": "ts-error-translator.nvim",
        "rev": "47e5ba89f71b9e6c72eaaaaa519dd59bd6897df4",
        "type": "github"
      },
      "original": {
        "owner": "dmmulroy",
        "repo": "ts-error-translator.nvim",
        "type": "github"
      }
    }
  },
  "root": "root",
  "version": 7
}
